Microsoft Visual Studio Solution File, Format Version 12.00
# Visual Studio Version 17
VisualStudioVersion = 17.5.2.0
MinimumVisualStudioVersion = 10.0.40219.1
Project("{FAE04EC0-301F-11D3-BF4B-00C04F79EFBC}") = "ContacWithShar", "ContacWithShar\ContacWithShar.csproj", "{44698DA2-A3C6-EC47-F1E5-F78EF5B00544}"
EndProject
Project("{2150E333-8FDC-42A3-9474-1A3956D46DE8}") = "ConditionalsAndLoops", "ConditionalsAndLoops", "{E8A1A27F-4BB5-282F-0244-BFA6E7D932F4}"
EndProject
Project("{FAE04EC0-301F-11D3-BF4B-00C04F79EFBC}") = "ConditionalsAndLoops", "ConditionalsAndLoops\ConditionalsAndLoops.csproj", "{BC072B8D-1973-4D29-9F8F-0C342D62061D}"
EndProject
Global
	GlobalSection(SolutionConfigurationPlatforms) = preSolution
		Debug|Any CPU = Debug|Any CPU
		Release|Any CPU = Release|Any CPU
	EndGlobalSection
	GlobalSection(ProjectConfigurationPlatforms) = postSolution
		{44698DA2-A3C6-EC47-F1E5-F78EF5B00544}.Debug|Any CPU.ActiveCfg = Debug|Any CPU
		{44698DA2-A3C6-EC47-F1E5-F78EF5B00544}.Debug|Any CPU.Build.0 = Debug|Any CPU
		{44698DA2-A3C6-EC47-F1E5-F78EF5B00544}.Release|Any CPU.ActiveCfg = Release|Any CPU
		{44698DA2-A3C6-EC47-F1E5-F78EF5B00544}.Release|Any CPU.Build.0 = Release|Any CPU
		{BC072B8D-1973-4D29-9F8F-0C342D62061D}.Debug|Any CPU.ActiveCfg = Debug|Any CPU
		{BC072B8D-1973-4D29-9F8F-0C342D62061D}.Debug|Any CPU.Build.0 = Debug|Any CPU
		{BC072B8D-1973-4D29-9F8F-0C342D62061D}.Release|Any CPU.ActiveCfg = Release|Any CPU
		{BC072B8D-1973-4D29-9F8F-0C342D62061D}.Release|Any CPU.Build.0 = Release|Any CPU
	EndGlobalSection
	GlobalSection(SolutionProperties) = preSolution
		HideSolutionNode = FALSE
	EndGlobalSection
	GlobalSection(ExtensibilityGlobals) = postSolution
		SolutionGuid = {6EA01F9B-A012-4044-869B-4606A01C6BEC}
	EndGlobalSection
	GlobalSection(NestedProjects) = preSolution
		{BC072B8D-1973-4D29-9F8F-0C342D62061D} = {E8A1A27F-4BB5-282F-0244-BFA6E7D932F4}
	EndGlobalSection
EndGlobal
